
Microsoft Visual Studio Solution File, Format Version 12.00
# Visual Studio Version 17
VisualStudioVersion = 17.8.34511.84
MinimumVisualStudioVersion = 10.0.40219.1
Project("{9A19103F-16F7-4668-BE54-9A1E7A4F7556}") = "DVLD.Domain", "DVLD.Domain\DVLD.Domain.csproj", "{14E394B0-CD66-4D98-8AB1-4DC89F97D689}"
EndProject
Project("{2150E333-8FDC-42A3-9474-1A3956D46DE8}") = "src", "src", "{A1B6C59D-6BB3-4B3B-9B52-DE1F1AA1FC59}"
EndProject
Project("{2150E333-8FDC-42A3-9474-1A3956D46DE8}") = "test", "test", "{8C1FCDCC-BA97-4991-91E1-37CBCABA5B3B}"
EndProject
Project("{2150E333-8FDC-42A3-9474-1A3956D46DE8}") = "DVLD.Core", "DVLD.Core", "{9A313846-AB45-48C5-8BC1-B3F48E3BE477}"
EndProject
Project("{9A19103F-16F7-4668-BE54-9A1E7A4F7556}") = "DLVD.App", "DLVD.Application\DLVD.App.csproj", "{4CF963D5-5F0E-408D-8D23-F084E6AF11F8}"
EndProject
Project("{9A19103F-16F7-4668-BE54-9A1E7A4F7556}") = "DVLD.API", "DVLD.API\DVLD.API.csproj", "{FDB29105-29CF-41CE-882F-692E72776A9E}"
EndProject
Project("{9A19103F-16F7-4668-BE54-9A1E7A4F7556}") = "DVLD.Infrastructure", "DVLD.Infrastructure\DVLD.Infrastructure.csproj", "{F46D65EC-1FB2-4FB6-ACAD-3E8480FC6F7C}"
EndProject
Global
	GlobalSection(SolutionConfigurationPlatforms) = preSolution
		Debug|Any CPU = Debug|Any CPU
		Release|Any CPU = Release|Any CPU
	EndGlobalSection
	GlobalSection(ProjectConfigurationPlatforms) = postSolution
		{14E394B0-CD66-4D98-8AB1-4DC89F97D689}.Debug|Any CPU.ActiveCfg = Debug|Any CPU
		{14E394B0-CD66-4D98-8AB1-4DC89F97D689}.Debug|Any CPU.Build.0 = Debug|Any CPU
		{14E394B0-CD66-4D98-8AB1-4DC89F97D689}.Release|Any CPU.ActiveCfg = Release|Any CPU
		{14E394B0-CD66-4D98-8AB1-4DC89F97D689}.Release|Any CPU.Build.0 = Release|Any CPU
		{4CF963D5-5F0E-408D-8D23-F084E6AF11F8}.Debug|Any CPU.ActiveCfg = Debug|Any CPU
		{4CF963D5-5F0E-408D-8D23-F084E6AF11F8}.Debug|Any CPU.Build.0 = Debug|Any CPU
		{4CF963D5-5F0E-408D-8D23-F084E6AF11F8}.Release|Any CPU.ActiveCfg = Release|Any CPU
		{4CF963D5-5F0E-408D-8D23-F084E6AF11F8}.Release|Any CPU.Build.0 = Release|Any CPU
		{FDB29105-29CF-41CE-882F-692E72776A9E}.Debug|Any CPU.ActiveCfg = Debug|Any CPU
		{FDB29105-29CF-41CE-882F-692E72776A9E}.Debug|Any CPU.Build.0 = Debug|Any CPU
		{FDB29105-29CF-41CE-882F-692E72776A9E}.Release|Any CPU.ActiveCfg = Release|Any CPU
		{FDB29105-29CF-41CE-882F-692E72776A9E}.Release|Any CPU.Build.0 = Release|Any CPU
		{F46D65EC-1FB2-4FB6-ACAD-3E8480FC6F7C}.Debug|Any CPU.ActiveCfg = Debug|Any CPU
		{F46D65EC-1FB2-4FB6-ACAD-3E8480FC6F7C}.Debug|Any CPU.Build.0 = Debug|Any CPU
		{F46D65EC-1FB2-4FB6-ACAD-3E8480FC6F7C}.Release|Any CPU.ActiveCfg = Release|Any CPU
		{F46D65EC-1FB2-4FB6-ACAD-3E8480FC6F7C}.Release|Any CPU.Build.0 = Release|Any CPU
	EndGlobalSection
	GlobalSection(SolutionProperties) = preSolution
		HideSolutionNode = FALSE
	EndGlobalSection
	GlobalSection(NestedProjects) = preSolution
		{14E394B0-CD66-4D98-8AB1-4DC89F97D689} = {9A313846-AB45-48C5-8BC1-B3F48E3BE477}
		{9A313846-AB45-48C5-8BC1-B3F48E3BE477} = {A1B6C59D-6BB3-4B3B-9B52-DE1F1AA1FC59}
		{4CF963D5-5F0E-408D-8D23-F084E6AF11F8} = {9A313846-AB45-48C5-8BC1-B3F48E3BE477}
		{FDB29105-29CF-41CE-882F-692E72776A9E} = {A1B6C59D-6BB3-4B3B-9B52-DE1F1AA1FC59}
		{F46D65EC-1FB2-4FB6-ACAD-3E8480FC6F7C} = {A1B6C59D-6BB3-4B3B-9B52-DE1F1AA1FC59}
	EndGlobalSection
	GlobalSection(ExtensibilityGlobals) = postSolution
		SolutionGuid = {E96DE0D0-4F32-4B10-AF18-A28254F06BA0}
	EndGlobalSection
EndGlobal
